
Microsoft Visual Studio Solution File, Format Version 12.00
# Visual Studio 15
VisualStudioVersion = 15.0.26124.0
MinimumVisualStudioVersion = 15.0.26124.0
Project("{FAE04EC0-301F-11D3-BF4B-00C04F79EFBC}") = "FizzBuzz.Domain", "FizzBuzz.Domain\FizzBuzz.Domain.csproj", "{E3BF3F77-67B9-4AD4-A933-5FB3851449FD}"
EndProject
Project("{FAE04EC0-301F-11D3-BF4B-00C04F79EFBC}") = "FizzBuzz.Core", "FizzBuzz.Core\FizzBuzz.Core.csproj", "{ADBE9390-A59D-48BC-AD1B-9FFDBD979CA6}"
EndProject
Project("{FAE04EC0-301F-11D3-BF4B-00C04F79EFBC}") = "FizzBuzz.Test", "FizzBuzz.Test\FizzBuzz.Test.csproj", "{8FCFE503-3FBB-4838-9B35-A3EB3CE06198}"
EndProject
Global
	GlobalSection(SolutionConfigurationPlatforms) = preSolution
		Debug|Any CPU = Debug|Any CPU
		Debug|x64 = Debug|x64
		Debug|x86 = Debug|x86
		Release|Any CPU = Release|Any CPU
		Release|x64 = Release|x64
		Release|x86 = Release|x86
	EndGlobalSection
	GlobalSection(SolutionProperties) = preSolution
		HideSolutionNode = FALSE
	EndGlobalSection
	GlobalSection(ProjectConfigurationPlatforms) = postSolution
		{E3BF3F77-67B9-4AD4-A933-5FB3851449FD}.Debug|Any CPU.ActiveCfg = Debug|Any CPU
		{E3BF3F77-67B9-4AD4-A933-5FB3851449FD}.Debug|Any CPU.Build.0 = Debug|Any CPU
		{E3BF3F77-67B9-4AD4-A933-5FB3851449FD}.Debug|x64.ActiveCfg = Debug|Any CPU
		{E3BF3F77-67B9-4AD4-A933-5FB3851449FD}.Debug|x64.Build.0 = Debug|Any CPU
		{E3BF3F77-67B9-4AD4-A933-5FB3851449FD}.Debug|x86.ActiveCfg = Debug|Any CPU
		{E3BF3F77-67B9-4AD4-A933-5FB3851449FD}.Debug|x86.Build.0 = Debug|Any CPU
		{E3BF3F77-67B9-4AD4-A933-5FB3851449FD}.Release|Any CPU.ActiveCfg = Release|Any CPU
		{E3BF3F77-67B9-4AD4-A933-5FB3851449FD}.Release|Any CPU.Build.0 = Release|Any CPU
		{E3BF3F77-67B9-4AD4-A933-5FB3851449FD}.Release|x64.ActiveCfg = Release|Any CPU
		{E3BF3F77-67B9-4AD4-A933-5FB3851449FD}.Release|x64.Build.0 = Release|Any CPU
		{E3BF3F77-67B9-4AD4-A933-5FB3851449FD}.Release|x86.ActiveCfg = Release|Any CPU
		{E3BF3F77-67B9-4AD4-A933-5FB3851449FD}.Release|x86.Build.0 = Release|Any CPU
		{ADBE9390-A59D-48BC-AD1B-9FFDBD979CA6}.Debug|Any CPU.ActiveCfg = Debug|Any CPU
		{ADBE9390-A59D-48BC-AD1B-9FFDBD979CA6}.Debug|Any CPU.Build.0 = Debug|Any CPU
		{ADBE9390-A59D-48BC-AD1B-9FFDBD979CA6}.Debug|x64.ActiveCfg = Debug|Any CPU
		{ADBE9390-A59D-48BC-AD1B-9FFDBD979CA6}.Debug|x64.Build.0 = Debug|Any CPU
		{ADBE9390-A59D-48BC-AD1B-9FFDBD979CA6}.Debug|x86.ActiveCfg = Debug|Any CPU
		{ADBE9390-A59D-48BC-AD1B-9FFDBD979CA6}.Debug|x86.Build.0 = Debug|Any CPU
		{ADBE9390-A59D-48BC-AD1B-9FFDBD979CA6}.Release|Any CPU.ActiveCfg = Release|Any CPU
		{ADBE9390-A59D-48BC-AD1B-9FFDBD979CA6}.Release|Any CPU.Build.0 = Release|Any CPU
		{ADBE9390-A59D-48BC-AD1B-9FFDBD979CA6}.Release|x64.ActiveCfg = Release|Any CPU
		{ADBE9390-A59D-48BC-AD1B-9FFDBD979CA6}.Release|x64.Build.0 = Release|Any CPU
		{ADBE9390-A59D-48BC-AD1B-9FFDBD979CA6}.Release|x86.ActiveCfg = Release|Any CPU
		{ADBE9390-A59D-48BC-AD1B-9FFDBD979CA6}.Release|x86.Build.0 = Release|Any CPU
		{8FCFE503-3FBB-4838-9B35-A3EB3CE06198}.Debug|Any CPU.ActiveCfg = Debug|Any CPU
		{8FCFE503-3FBB-4838-9B35-A3EB3CE06198}.Debug|Any CPU.Build.0 = Debug|Any CPU
		{8FCFE503-3FBB-4838-9B35-A3EB3CE06198}.Debug|x64.ActiveCfg = Debug|Any CPU
		{8FCFE503-3FBB-4838-9B35-A3EB3CE06198}.Debug|x64.Build.0 = Debug|Any CPU
		{8FCFE503-3FBB-4838-9B35-A3EB3CE06198}.Debug|x86.ActiveCfg = Debug|Any CPU
		{8FCFE503-3FBB-4838-9B35-A3EB3CE06198}.Debug|x86.Build.0 = Debug|Any CPU
		{8FCFE503-3FBB-4838-9B35-A3EB3CE06198}.Release|Any CPU.ActiveCfg = Release|Any CPU
		{8FCFE503-3FBB-4838-9B35-A3EB3CE06198}.Release|Any CPU.Build.0 = Release|Any CPU
		{8FCFE503-3FBB-4838-9B35-A3EB3CE06198}.Release|x64.ActiveCfg = Release|Any CPU
		{8FCFE503-3FBB-4838-9B35-A3EB3CE06198}.Release|x64.Build.0 = Release|Any CPU
		{8FCFE503-3FBB-4838-9B35-A3EB3CE06198}.Release|x86.ActiveCfg = Release|Any CPU
		{8FCFE503-3FBB-4838-9B35-A3EB3CE06198}.Release|x86.Build.0 = Release|Any CPU
	EndGlobalSection
EndGlobal
